{
  "nodes": {
    "doom-emacs": {
      "inputs": {
        "doomemacs": [
          "doomemacs-src"
        ],
        "emacs-overlay": "emacs-overlay",
        "nixpkgs": [],
        "systems": "systems"
      },
      "locked": {
        "lastModified": 1775468583,
        "narHash": "sha256-nxr1sPuYiAs9ijP+XtMrigBlnRzEe2pdyrZMwvabFNo=",
        "owner": "marienz",
        "repo": "nix-doom-emacs-unstraightened",
        "rev": "3bd859caace1a1ec3ef7f9d59c4561331bceef5c",
        "type": "github"
      },
      "original": {
        "owner": "marienz",
        "repo": "nix-doom-emacs-unstraightened",
        "type": "github"
      }
    },
    "doomemacs-src": {
      "flake": false,
      "locked": {
        "lastModified": 1775528524,
        "narHash": "sha256-jReNU/frLycXhOBwOrOM5jEA3FAr2yb7nxrzXdMvDnU=",
        "owner": "doomemacs",
        "repo": "doomemacs",
        "rev": "ed01bf47e5c2636c529cea41a6223c70566a0dfc",
        "type": "github"
      },
      "original": {
        "owner": "doomemacs",
        "repo": "doomemacs",
        "type": "github"
      }
    },
    "emacs-overlay": {
      "inputs": {
        "nixpkgs": [
          "doom-emacs"
        ],
        "nixpkgs-stable": [
          "doom-emacs"
        ]
      },
      "locked": {
        "lastModified": 1775466626,
        "narHash": "sha256-eCVux9FXJ3o9lAM4DxOdggG7NyRmJLZo3pbPO/1y8Xc=",
        "owner": "nix-community",
        "repo": "emacs-overlay",
        "rev": "e40238e6e0eb51e16341aad0c46109f3468324ee",
        "type": "github"
      },
      "original": {
        "owner": "nix-community",
        "repo": "emacs-overlay",
        "type": "github"
      }
    },
    "nixpkgs": {
      "locked": {
        "lastModified": 1775542997,
        "narHash": "sha256-LfPZG5mv16L/kma3Dry5kocNhxP3ITN/Xo0MiUhyCkM=",
        "owner": "nixos",
        "repo": "nixpkgs",
        "rev": "ce4e7a28041650fdd91c2a051765d5cea20c7c87",
        "type": "github"
      },
      "original": {
        "owner": "nixos",
        "ref": "release-25.11",
        "repo": "nixpkgs",
        "type": "github"
      }
    },
    "root": {
      "inputs": {
        "doom-emacs": "doom-emacs",
        "doomemacs-src": "doomemacs-src",
        "nixpkgs": "nixpkgs",
        "tree-sitter-astro-src": "tree-sitter-astro-src",
        "tree-sitter-bicep-src": "tree-sitter-bicep-src"
      }
    },
    "systems": {
      "locked": {
        "lastModified": 1681028828,
        "narHash": "sha256-Vy1rq5AaRuLzOxct8nz4T6wlgyUR7zLU309k9mBC768=",
        "owner": "nix-systems",
        "repo": "default",
        "rev": "da67096a3b9bf56a91d16901293e51ba5b49a27e",
        "type": "github"
      },
      "original": {
        "owner": "nix-systems",
        "repo": "default",
        "type": "github"
      }
    },
    "tree-sitter-astro-src": {
      "flake": false,
      "locked": {
        "lastModified": 1745424178,
        "narHash": "sha256-TpXs3jbYn39EHxTdtSfR7wLA1L8v9uyK/ATPp5v4WqE=",
        "owner": "virchau13",
        "repo": "tree-sitter-astro",
        "rev": "213f6e6973d9b456c6e50e86f19f66877e7ef0ee",
        "type": "github"
      },
      "original": {
        "owner": "virchau13",
        "repo": "tree-sitter-astro",
        "type": "github"
      }
    },
    "tree-sitter-bicep-src": {
      "flake": false,
      "locked": {
        "lastModified": 1734837732,
        "narHash": "sha256-+qvhJgYqs8aj/Kmojr7lmjbXmskwVvbYBn4ia9wOv3k=",
        "owner": "tree-sitter-grammars",
        "repo": "tree-sitter-bicep",
        "rev": "bff59884307c0ab009bd5e81afd9324b46a6c0f9",
        "type": "github"
      },
      "original": {
        "owner": "tree-sitter-grammars",
        "repo": "tree-sitter-bicep",
        "type": "github"
      }
    }
  },
  "root": "root",
  "version": 7
}
